
Microsoft Visual Studio Solution File, Format Version 12.00
# Visual Studio Version 16
VisualStudioVersion = 16.0.29215.179
MinimumVisualStudioVersion = 10.0.40219.1
Project("{FAE04EC0-301F-11D3-BF4B-00C04F79EFBC}") = "MyGarage", "MyGarage\MyGarage.csproj", "{614A5AB8-4CE7-4443-86BD-44ED3E04C5CD}"
EndProject
Global
	GlobalSection(SolutionConfigurationPlatforms) = preSolution
		Debug|Any CPU = Debug|Any CPU
		Release|Any CPU = Release|Any CPU
	EndGlobalSection
	GlobalSection(ProjectConfigurationPlatforms) = postSolution
		{614A5AB8-4CE7-4443-86BD-44ED3E04C5CD}.Debug|Any CPU.ActiveCfg = Debug|Any CPU
		{614A5AB8-4CE7-4443-86BD-44ED3E04C5CD}.Debug|Any CPU.Build.0 = Debug|Any CPU
		{614A5AB8-4CE7-4443-86BD-44ED3E04C5CD}.Release|Any CPU.ActiveCfg = Release|Any CPU
		{614A5AB8-4CE7-4443-86BD-44ED3E04C5CD}.Release|Any CPU.Build.0 = Release|Any CPU
	EndGlobalSection
	GlobalSection(SolutionProperties) = preSolution
		HideSolutionNode = FALSE
	EndGlobalSection
	GlobalSection(ExtensibilityGlobals) = postSolution
		SolutionGuid = {5EAD533A-F3E0-42C2-9C1C-A6E635ED3308}
	EndGlobalSection
EndGlobal
